// !$*UTF8*$!
{
	archiveVersion = 1;
	classes = {
	};
	objectVersion = 46;
	objects = {

/* Begin PBXBuildFile section */
		3F46945719F0F7400070C4CB /* AppDelegate.swift in Sources */ = {isa = PBXBuildFile; fileRef = 3F46945619F0F7400070C4CB /* AppDelegate.swift */; };
		3F46945919F0F7400070C4CB /* ViewController.swift in Sources */ = {isa = PBXBuildFile; fileRef = 3F46945819F0F7400070C4CB /* ViewController.swift */; };
		3F46945C19F0F7400070C4CB /* Main.storyboard in Resources */ = {isa = PBXBuildFile; fileRef = 3F46945A19F0F7400070C4CB /* Main.storyboard */; };
		3F46945E19F0F7400070C4CB /* Images.xcassets in Resources */ = {isa = PBXBuildFile; fileRef = 3F46945D19F0F7400070C4CB /* Images.xcassets */; };
		3F46946119F0F7400070C4CB /* LaunchScreen.xib in Resources */ = {isa = PBXBuildFile; fileRef = 3F46945F19F0F7400070C4CB /* LaunchScreen.xib */; };
		3F46946D19F0F7400070C4CB /* segueTests.swift in Sources */ = {isa = PBXBuildFile; fileRef = 3F46946C19F0F7400070C4CB /* segueTests.swift */; };
		3F46947919F1061C0070C4CB /* colorTwoViewController.swift in Sources */ = {isa = PBXBuildFile; fileRef = 3F46947819F1061C0070C4CB /* colorTwoViewController.swift */; };
/* End PBXBuildFile section */

/* Begin PBXContainerItemProxy section */
		3F46946719F0F7400070C4CB /* PBXContainerItemProxy */ = {
			isa = PBXContainerItemProxy;
			containerPortal = 3F46944919F0F7400070C4CB /* Project object */;
			proxyType = 1;
			remoteGlobalIDString = 3F46945019F0F7400070C4CB;
			remoteInfo = segue;
		};
/* End PBXContainerItemProxy section */

/* Begin PBXFileReference section */
		3F46945119F0F7400070C4CB /* segue.app */ = {isa = PBXFileReference; explicitFileType = wrapper.application; includeInIndex = 0; path = segue.app; sourceTree = BUILT_PRODUCTS_DIR; };
		3F46945519F0F7400070C4CB /* Info.plist */ = {isa = PBXFileReference; lastKnownFileType = text.plist.xml; path = Info.plist; sourceTree = "<group>"; };
		3F46945619F0F7400070C4CB /* AppDelegate.swift */ = {isa = PBXFileReference; lastKnownFileType = sourcecode.swift; path = AppDelegate.swift; sourceTree = "<group>"; };
		3F46945819F0F7400070C4CB /* ViewController.swift */ = {isa = PBXFileReference; lastKnownFileType = sourcecode.swift; path = ViewController.swift; sourceTree = "<group>"; };
		3F46945B19F0F7400070C4CB /* Base */ = {isa = PBXFileReference; lastKnownFileType = file.storyboard; name = Base; path = Base.lproj/Main.storyboard; sourceTree = "<group>"; };
		3F46945D19F0F7400070C4CB /* Images.xcassets */ = {isa = PBXFileReference; lastKnownFileType = folder.assetcatalog; path = Images.xcassets; sourceTree = "<group>"; };
		3F46946019F0F7400070C4CB /* Base */ = {isa = PBXFileReference; lastKnownFileType = file.xib; name = Base; path = Base.lproj/LaunchScreen.xib; sourceTree = "<group>"; };
		3F46946619F0F7400070C4CB /* segueTests.xctest */ = {isa = PBXFileReference; explicitFileType = wrapper.cfbundle; includeInIndex = 0; path = segueTests.xctest; sourceTree = BUILT_PRODUCTS_DIR; };
		3F46946B19F0F7400070C4CB /* Info.plist */ = {isa = PBXFileReference; lastKnownFileType = text.plist.xml; path = Info.plist; sourceTree = "<group>"; };
		3F46946C19F0F7400070C4CB /* segueTests.swift */ = {isa = PBXFileReference; lastKnownFileType = sourcecode.swift; path = segueTests.swift; sourceTree = "<group>"; };
		3F46947819F1061C0070C4CB /* colorTwoViewController.swift */ = {isa = PBXFileReference; fileEncoding = 4; lastKnownFileType = sourcecode.swift; path = colorTwoViewController.swift; sourceTree = "<group>"; };
/* End PBXFileReference section */

/* Begin PBXFrameworksBuildPhase section */
		3F46944E19F0F7400070C4CB /* Frameworks */ = {
			isa = PBXFrameworksBuildPhase;
			buildActionMask = 2147483647;
			files = (
			);
			runOnlyForDeploymentPostprocessing = 0;
		};
		3F46946319F0F7400070C4CB /* Frameworks */ = {
			isa = PBXFrameworksBuildPhase;
			buildActionMask = 2147483647;
			files = (
			);
			runOnlyForDeploymentPostprocessing = 0;
		};
/* End PBXFrameworksBuildPhase section */

/* Begin PBXGroup section */
		3F46944819F0F7400070C4CB = {
			isa = PBXGroup;
			children = (
				3F46945319F0F7400070C4CB /* segue */,
				3F46946919F0F7400070C4CB /* segueTests */,
				3F46945219F0F7400070C4CB /* Products */,
			);
			sourceTree = "<group>";
		};
		3F46945219F0F7400070C4CB /* Products */ = {
			isa = PBXGroup;
			children = (
				3F46945119F0F7400070C4CB /* segue.app */,
				3F46946619F0F7400070C4CB /* segueTests.xctest */,
			);
			name = Products;
			sourceTree = "<group>";
		};
		3F46945319F0F7400070C4CB /* segue */ = {
			isa = PBXGroup;
			children = (
				3F46945619F0F7400070C4CB /* AppDelegate.swift */,
				3F46945819F0F7400070C4CB /* ViewController.swift */,
				3F46945A19F0F7400070C4CB /* Main.storyboard */,
				3F46947819F1061C0070C4CB /* colorTwoViewController.swift */,
				3F46945D19F0F7400070C4CB /* Images.xcassets */,
				3F46945F19F0F7400070C4CB /* LaunchScreen.xib */,
				3F46945419F0F7400070C4CB /* Supporting Files */,
			);
			path = segue;
			sourceTree = "<group>";
		};
		3F46945419F0F7400070C4CB /* Supporting Files */ = {
			isa = PBXGroup;
			children = (
				3F46945519F0F7400070C4CB /* Info.plist */,
			);
			name = "Supporting Files";
			sourceTree = "<group>";
		};
		3F46946919F0F7400070C4CB /* segueTests */ = {
			isa = PBXGroup;
			children = (
				3F46946C19F0F7400070C4CB /* segueTests.swift */,
				3F46946A19F0F7400070C4CB /* Supporting Files */,
			);
			path = segueTests;
			sourceTree = "<group>";
		};
		3F46946A19F0F7400070C4CB /* Supporting Files */ = {
			isa = PBXGroup;
			children = (
				3F46946B19F0F7400070C4CB /* Info.plist */,
			);
			name = "Supporting Files";
			sourceTree = "<group>";
		};
/* End PBXGroup section */

/* Begin PBXNativeTarget section */
		3F46945019F0F7400070C4CB /* segue */ = {
			isa = PBXNativeTarget;
			buildConfigurationList = 3F46947019F0F7400070C4CB /* Build configuration list for PBXNativeTarget "segue" */;
			buildPhases = (
				3F46944D19F0F7400070C4CB /* Sources */,
				3F46944E19F0F7400070C4CB /* Frameworks */,
				3F46944F19F0F7400070C4CB /* Resources */,
			);
			buildRules = (
			);
			dependencies = (
			);
			name = segue;
			productName = segue;
			productReference = 3F46945119F0F7400070C4CB /* segue.app */;
			productType = "com.apple.product-type.application";
		};
		3F46946519F0F7400070C4CB /* segueTests */ = {
			isa = PBXNativeTarget;
			buildConfigurationList = 3F46947319F0F7400070C4CB /* Build configuration list for PBXNativeTarget "segueTests" */;
			buildPhases = (
				3F46946219F0F7400070C4CB /* Sources */,
				3F46946319F0F7400070C4CB /* Frameworks */,
				3F46946419F0F7400070C4CB /* Resources */,
			);
			buildRules = (
			);
			dependencies = (
				3F46946819F0F7400070C4CB /* PBXTargetDependency */,
			);
			name = segueTests;
			productName = segueTests;
			productReference = 3F46946619F0F7400070C4CB /* segueTests.xctest */;
			productType = "com.apple.product-type.bundle.unit-test";
		};
/* End PBXNativeTarget section */

/* Begin PBXProject section */
		3F46944919F0F7400070C4CB /* Project object */ = {
			isa = PBXProject;
			attributes = {
				LastUpgradeCheck = 0600;
				ORGANIZATIONNAME = two;
				TargetAttributes = {
					3F46945019F0F7400070C4CB = {
						CreatedOnToolsVersion = 6.0;
					};
					3F46946519F0F7400070C4CB = {
						CreatedOnToolsVersion = 6.0;
						TestTargetID = 3F46945019F0F7400070C4CB;
					};
				};
			};
			buildConfigurationList = 3F46944C19F0F7400070C4CB /* Build configuration list for PBXProject "segue" */;
			compatibilityVersion = "Xcode 3.2";
			developmentRegion = English;
			hasScannedForEncodings = 0;
			knownRegions = (
				en,
				Base,
			);
			mainGroup = 3F46944819F0F7400070C4CB;
			productRefGroup = 3F46945219F0F7400070C4CB /* Products */;
			projectDirPath = "";
			projectRoot = "";
			targets = (
				3F46945019F0F7400070C4CB /* segue */,
				3F46946519F0F7400070C4CB /* segueTests */,
			);
		};
/* End PBXProject section */

/* Begin PBXResourcesBuildPhase section */
		3F46944F19F0F7400070C4CB /* Resources */ = {
			isa = PBXResourcesBuildPhase;
			buildActionMask = 2147483647;
			files = (
				3F46945C19F0F7400070C4CB /* Main.storyboard in Resources */,
				3F46946119F0F7400070C4CB /* LaunchScreen.xib in Resources */,
				3F46945E19F0F7400070C4CB /* Images.xcassets in Resources */,
			);
			runOnlyForDeploymentPostprocessing = 0;
		};
		3F46946419F0F7400070C4CB /* Resources */ = {
			isa = PBXResourcesBuildPhase;
			buildActionMask = 2147483647;
			files = (
			);
			runOnlyForDeploymentPostprocessing = 0;
		};
/* End PBXResourcesBuildPhase section */

/* Begin PBXSourcesBuildPhase section */
		3F46944D19F0F7400070C4CB /* Sources */ = {
			isa = PBXSourcesBuildPhase;
			buildActionMask = 2147483647;
			files = (
				3F46947919F1061C0070C4CB /* colorTwoViewController.swift in Sources */,
				3F46945919F0F7400070C4CB /* ViewController.swift in Sources */,
				3F46945719F0F7400070C4CB /* AppDelegate.swift in Sources */,
			);
			runOnlyForDeploymentPostprocessing = 0;
		};
		3F46946219F0F7400070C4CB /* Sources */ = {
			isa = PBXSourcesBuildPhase;
			buildActionMask = 2147483647;
			files = (
				3F46946D19F0F7400070C4CB /* segueTests.swift in Sources */,
			);
			runOnlyForDeploymentPostprocessing = 0;
		};
/* End PBXSourcesBuildPhase section */

/* Begin PBXTargetDependency section */
		3F46946819F0F7400070C4CB /* PBXTargetDependency */ = {
			isa = PBXTargetDependency;
			target = 3F46945019F0F7400070C4CB /* segue */;
			targetProxy = 3F46946719F0F7400070C4CB /* PBXContainerItemProxy */;
		};
/* End PBXTargetDependency section */

/* Begin PBXVariantGroup section */
		3F46945A19F0F7400070C4CB /* Main.storyboard */ = {
			isa = PBXVariantGroup;
			children = (
				3F46945B19F0F7400070C4CB /* Base */,
			);
			name = Main.storyboard;
			sourceTree = "<group>";
		};
		3F46945F19F0F7400070C4CB /* LaunchScreen.xib */ = {
			isa = PBXVariantGroup;
			children = (
				3F46946019F0F7400070C4CB /* Base */,
			);
			name = LaunchScreen.xib;
			sourceTree = "<group>";
		};
/* End PBXVariantGroup section */

/* Begin XCBuildConfiguration section */
		3F46946E19F0F7400070C4CB /* Debug */ = {
			isa = XCBuildConfiguration;
			buildSettings = {
				ALWAYS_SEARCH_USER_PATHS = NO;
				CLANG_CXX_LANGUAGE_STANDARD = "gnu++0x";
				CLANG_CXX_LIBRARY = "libc++";
				CLANG_ENABLE_MODULES = YES;
				CLANG_ENABLE_OBJC_ARC = YES;
				CLANG_WARN_BOOL_CONVERSION = YES;
				CLANG_WARN_CONSTANT_CONVERSION = YES;
				CLANG_WARN_DIRECT_OBJC_ISA_USAGE = YES_ERROR;
				CLANG_WARN_EMPTY_BODY = YES;
				CLANG_WARN_ENUM_CONVERSION = YES;
				CLANG_WARN_INT_CONVERSION = YES;
				CLANG_WARN_OBJC_ROOT_CLASS = YES_ERROR;
				CLANG_WARN_UNREACHABLE_CODE = YES;
				CLANG_WARN__DUPLICATE_METHOD_MATCH = YES;
				"CODE_SIGN_IDENTITY[sdk=iphoneos*]" = "iPhone Developer";
				COPY_PHASE_STRIP = NO;
				ENABLE_STRICT_OBJC_MSGSEND = YES;
				GCC_C_LANGUAGE_STANDARD = gnu99;
				GCC_DYNAMIC_NO_PIC = NO;
				GCC_OPTIMIZATION_LEVEL = 0;
				GCC_PREPROCESSOR_DEFINITIONS = (
					"DEBUG=1",
					"$(inherited)",
				);
				GCC_SYMBOLS_PRIVATE_EXTERN = NO;
				GCC_WARN_64_TO_32_BIT_CONVERSION = YES;
				GCC_WARN_ABOUT_RETURN_TYPE = YES_ERROR;
				GCC_WARN_UNDECLARED_SELECTOR = YES;
				GCC_WARN_UNINITIALIZED_AUTOS = YES_AGGRESSIVE;
				GCC_WARN_UNUSED_FUNCTION = YES;
				GCC_WARN_UNUSED_VARIABLE = YES;
				IPHONEOS_DEPLOYMENT_TARGET = 8.0;
				MTL_ENABLE_DEBUG_INFO = YES;
				ONLY_ACTIVE_ARCH = YES;
				SDKROOT = iphoneos;
				SWIFT_OPTIMIZATION_LEVEL = "-Onone";
			};
			name = Debug;
		};
		3F46946F19F0F7400070C4CB /* Release */ = {
			isa = XCBuildConfiguration;
			buildSettings = {
				ALWAYS_SEARCH_USER_PATHS = NO;
				CLANG_CXX_LANGUAGE_STANDARD = "gnu++0x";
				CLANG_CXX_LIBRARY = "libc++";
				CLANG_ENABLE_MODULES = YES;
				CLANG_ENABLE_OBJC_ARC = YES;
				CLANG_WARN_BOOL_CONVERSION = YES;
				CLANG_WARN_CONSTANT_CONVERSION = YES;
				CLANG_WARN_DIRECT_OBJC_ISA_USAGE = YES_ERROR;
				CLANG_WARN_EMPTY_BODY = YES;
				CLANG_WARN_ENUM_CONVERSION = YES;
				CLANG_WARN_INT_CONVERSION = YES;
				CLANG_WARN_OBJC_ROOT_CLASS = YES_ERROR;
				CLANG_WARN_UNREACHABLE_CODE = YES;
				CLANG_WARN__DUPLICATE_METHOD_MATCH = YES;
				"CODE_SIGN_IDENTITY[sdk=iphoneos*]" = "iPhone Developer";
				COPY_PHASE_STRIP = YES;
				ENABLE_NS_ASSERTIONS = NO;
				ENABLE_STRICT_OBJC_MSGSEND = YES;
				GCC_C_LANGUAGE_STANDARD = gnu99;
				GCC_WARN_64_TO_32_BIT_CONVERSION = YES;
				GCC_WARN_ABOUT_RETURN_TYPE = YES_ERROR;
				GCC_WARN_UNDECLARED_SELECTOR = YES;
				GCC_WARN_UNINITIALIZED_AUTOS = YES_AGGRESSIVE;
				GCC_WARN_UNUSED_FUNCTION = YES;
				GCC_WARN_UNUSED_VARIABLE = YES;
				IPHONEOS_DEPLOYMENT_TARGET = 8.0;
				MTL_ENABLE_DEBUG_INFO = NO;
				SDKROOT = iphoneos;
				VALIDATE_PRODUCT = YES;
			};
			name = Release;
		};
		3F46947119F0F7400070C4CB /* Debug */ = {
			isa = XCBuildConfiguration;
			buildSettings = {
				ASSETCATALOG_COMPILER_APPICON_NAME = AppIcon;
				INFOPLIST_FILE = segue/Info.plist;
				LD_RUNPATH_SEARCH_PATHS = "$(inherited) @executable_path/Frameworks";
				PRODUCT_NAME = "$(TARGET_NAME)";
			};
			name = Debug;
		};
		3F46947219F0F7400070C4CB /* Release */ = {
			isa = XCBuildConfiguration;
			buildSettings = {
				ASSETCATALOG_COMPILER_APPICON_NAME = AppIcon;
				INFOPLIST_FILE = segue/Info.plist;
				LD_RUNPATH_SEARCH_PATHS = "$(inherited) @executable_path/Frameworks";
				PRODUCT_NAME = "$(TARGET_NAME)";
			};
			name = Release;
		};
		3F46947419F0F7400070C4CB /* Debug */ = {
			isa = XCBuildConfiguration;
			buildSettings = {
				BUNDLE_LOADER = "$(TEST_HOST)";
				FRAMEWORK_SEARCH_PATHS = (
					"$(SDKROOT)/Developer/Library/Frameworks",
					"$(inherited)",
				);
				GCC_PREPROCESSOR_DEFINITIONS = (
					"DEBUG=1",
					"$(inherited)",
				);
				INFOPLIST_FILE = segueTests/Info.plist;
				LD_RUNPATH_SEARCH_PATHS = "$(inherited) @executable_path/Frameworks @loader_path/Frameworks";
				PRODUCT_NAME = "$(TARGET_NAME)";
				TEST_HOST = "$(BUILT_PRODUCTS_DIR)/segue.app/segue";
			};
			name = Debug;
		};
		3F46947519F0F7400070C4CB /* Release */ = {
			isa = XCBuildConfiguration;
			buildSettings = {
				BUNDLE_LOADER = "$(TEST_HOST)";
				FRAMEWORK_SEARCH_PATHS = (
					"$(SDKROOT)/Developer/Library/Frameworks",
					"$(inherited)",
				);
				INFOPLIST_FILE = segueTests/Info.plist;
				LD_RUNPATH_SEARCH_PATHS = "$(inherited) @executable_path/Frameworks @loader_path/Frameworks";
				PRODUCT_NAME = "$(TARGET_NAME)";
				TEST_HOST = "$(BUILT_PRODUCTS_DIR)/segue.app/segue";
			};
			name = Release;
		};
/* End XCBuildConfiguration section */

/* Begin XCConfigurationList section */
		3F46944C19F0F7400070C4CB /* Build configuration list for PBXProject "segue" */ = {
			isa = XCConfigurationList;
			buildConfigurations = (
				3F46946E19F0F7400070C4CB /* Debug */,
				3F46946F19F0F7400070C4CB /* Release */,
			);
			defaultConfigurationIsVisible = 0;
			defaultConfigurationName = Release;
		};
		3F46947019F0F7400070C4CB /* Build configuration list for PBXNativeTarget "segue" */ = {
			isa = XCConfigurationList;
			buildConfigurations = (
				3F46947119F0F7400070C4CB /* Debug */,
				3F46947219F0F7400070C4CB /* Release */,
			);
			defaultConfigurationIsVisible = 0;
			defaultConfigurationName = Release;
		};
		3F46947319F0F7400070C4CB /* Build configuration list for PBXNativeTarget "segueTests" */ = {
			isa = XCConfigurationList;
			buildConfigurations = (
				3F46947419F0F7400070C4CB /* Debug */,
				3F46947519F0F7400070C4CB /* Release */,
			);
			defaultConfigurationIsVisible = 0;
			defaultConfigurationName = Release;
		};
/* End XCConfigurationList section */
	};
	rootObject = 3F46944919F0F7400070C4CB /* Project object */;
}
