// !$*UTF8*$!
{
	archiveVersion = 1;
	classes = {
	};
	objectVersion = 46;
	objects = {

/* Begin PBXBuildFile section */
		3F7473F219D2B286008D2AA9 /* AppDelegate.swift in Sources */ = {isa = PBXBuildFile; fileRef = 3F7473F119D2B286008D2AA9 /* AppDelegate.swift */; };
		3F7473F419D2B286008D2AA9 /* ViewController.swift in Sources */ = {isa = PBXBuildFile; fileRef = 3F7473F319D2B286008D2AA9 /* ViewController.swift */; };
		3F7473F719D2B286008D2AA9 /* Main.storyboard in Resources */ = {isa = PBXBuildFile; fileRef = 3F7473F519D2B286008D2AA9 /* Main.storyboard */; };
		3F7473F919D2B286008D2AA9 /* Images.xcassets in Resources */ = {isa = PBXBuildFile; fileRef = 3F7473F819D2B286008D2AA9 /* Images.xcassets */; };
		3F7473FC19D2B286008D2AA9 /* LaunchScreen.xib in Resources */ = {isa = PBXBuildFile; fileRef = 3F7473FA19D2B286008D2AA9 /* LaunchScreen.xib */; };
		3F74740819D2B287008D2AA9 /* TipcalculatorTests.swift in Sources */ = {isa = PBXBuildFile; fileRef = 3F74740719D2B287008D2AA9 /* TipcalculatorTests.swift */; };
		3F74741419D2B552008D2AA9 /* TipcalculatorModel.swift in Sources */ = {isa = PBXBuildFile; fileRef = 3F74741319D2B552008D2AA9 /* TipcalculatorModel.swift */; };
/* End PBXBuildFile section */

/* Begin PBXContainerItemProxy section */
		3F74740219D2B287008D2AA9 /* PBXContainerItemProxy */ = {
			isa = PBXContainerItemProxy;
			containerPortal = 3F7473E419D2B286008D2AA9 /* Project object */;
			proxyType = 1;
			remoteGlobalIDString = 3F7473EB19D2B286008D2AA9;
			remoteInfo = Tipcalculator;
		};
/* End PBXContainerItemProxy section */

/* Begin PBXFileReference section */
		3F7473EC19D2B286008D2AA9 /* Tipcalculator.app */ = {isa = PBXFileReference; explicitFileType = wrapper.application; includeInIndex = 0; path = Tipcalculator.app; sourceTree = BUILT_PRODUCTS_DIR; };
		3F7473F019D2B286008D2AA9 /* Info.plist */ = {isa = PBXFileReference; lastKnownFileType = text.plist.xml; path = Info.plist; sourceTree = "<group>"; };
		3F7473F119D2B286008D2AA9 /* AppDelegate.swift */ = {isa = PBXFileReference; lastKnownFileType = sourcecode.swift; path = AppDelegate.swift; sourceTree = "<group>"; };
		3F7473F319D2B286008D2AA9 /* ViewController.swift */ = {isa = PBXFileReference; lastKnownFileType = sourcecode.swift; path = ViewController.swift; sourceTree = "<group>"; };
		3F7473F619D2B286008D2AA9 /* Base */ = {isa = PBXFileReference; lastKnownFileType = file.storyboard; name = Base; path = Base.lproj/Main.storyboard; sourceTree = "<group>"; };
		3F7473F819D2B286008D2AA9 /* Images.xcassets */ = {isa = PBXFileReference; lastKnownFileType = folder.assetcatalog; path = Images.xcassets; sourceTree = "<group>"; };
		3F7473FB19D2B286008D2AA9 /* Base */ = {isa = PBXFileReference; lastKnownFileType = file.xib; name = Base; path = Base.lproj/LaunchScreen.xib; sourceTree = "<group>"; };
		3F74740119D2B287008D2AA9 /* TipcalculatorTests.xctest */ = {isa = PBXFileReference; explicitFileType = wrapper.cfbundle; includeInIndex = 0; path = TipcalculatorTests.xctest; sourceTree = BUILT_PRODUCTS_DIR; };
		3F74740619D2B287008D2AA9 /* Info.plist */ = {isa = PBXFileReference; lastKnownFileType = text.plist.xml; path = Info.plist; sourceTree = "<group>"; };
		3F74740719D2B287008D2AA9 /* TipcalculatorTests.swift */ = {isa = PBXFileReference; lastKnownFileType = sourcecode.swift; path = TipcalculatorTests.swift; sourceTree = "<group>"; };
		3F74741319D2B552008D2AA9 /* TipcalculatorModel.swift */ = {isa = PBXFileReference; fileEncoding = 4; lastKnownFileType = sourcecode.swift; path = TipcalculatorModel.swift; sourceTree = "<group>"; };
/* End PBXFileReference section */

/* Begin PBXFrameworksBuildPhase section */
		3F7473E919D2B286008D2AA9 /* Frameworks */ = {
			isa = PBXFrameworksBuildPhase;
			buildActionMask = 2147483647;
			files = (
			);
			runOnlyForDeploymentPostprocessing = 0;
		};
		3F7473FE19D2B287008D2AA9 /* Frameworks */ = {
			isa = PBXFrameworksBuildPhase;
			buildActionMask = 2147483647;
			files = (
			);
			runOnlyForDeploymentPostprocessing = 0;
		};
/* End PBXFrameworksBuildPhase section */

/* Begin PBXGroup section */
		3F7473E319D2B286008D2AA9 = {
			isa = PBXGroup;
			children = (
				3F74741319D2B552008D2AA9 /* TipcalculatorModel.swift */,
				3F7473EE19D2B286008D2AA9 /* Tipcalculator */,
				3F74740419D2B287008D2AA9 /* TipcalculatorTests */,
				3F7473ED19D2B286008D2AA9 /* Products */,
			);
			sourceTree = "<group>";
		};
		3F7473ED19D2B286008D2AA9 /* Products */ = {
			isa = PBXGroup;
			children = (
				3F7473EC19D2B286008D2AA9 /* Tipcalculator.app */,
				3F74740119D2B287008D2AA9 /* TipcalculatorTests.xctest */,
			);
			name = Products;
			sourceTree = "<group>";
		};
		3F7473EE19D2B286008D2AA9 /* Tipcalculator */ = {
			isa = PBXGroup;
			children = (
				3F7473F119D2B286008D2AA9 /* AppDelegate.swift */,
				3F7473F319D2B286008D2AA9 /* ViewController.swift */,
				3F7473F519D2B286008D2AA9 /* Main.storyboard */,
				3F7473F819D2B286008D2AA9 /* Images.xcassets */,
				3F7473FA19D2B286008D2AA9 /* LaunchScreen.xib */,
				3F7473EF19D2B286008D2AA9 /* Supporting Files */,
			);
			path = Tipcalculator;
			sourceTree = "<group>";
		};
		3F7473EF19D2B286008D2AA9 /* Supporting Files */ = {
			isa = PBXGroup;
			children = (
				3F7473F019D2B286008D2AA9 /* Info.plist */,
			);
			name = "Supporting Files";
			sourceTree = "<group>";
		};
		3F74740419D2B287008D2AA9 /* TipcalculatorTests */ = {
			isa = PBXGroup;
			children = (
				3F74740719D2B287008D2AA9 /* TipcalculatorTests.swift */,
				3F74740519D2B287008D2AA9 /* Supporting Files */,
			);
			path = TipcalculatorTests;
			sourceTree = "<group>";
		};
		3F74740519D2B287008D2AA9 /* Supporting Files */ = {
			isa = PBXGroup;
			children = (
				3F74740619D2B287008D2AA9 /* Info.plist */,
			);
			name = "Supporting Files";
			sourceTree = "<group>";
		};
/* End PBXGroup section */

/* Begin PBXNativeTarget section */
		3F7473EB19D2B286008D2AA9 /* Tipcalculator */ = {
			isa = PBXNativeTarget;
			buildConfigurationList = 3F74740B19D2B287008D2AA9 /* Build configuration list for PBXNativeTarget "Tipcalculator" */;
			buildPhases = (
				3F7473E819D2B286008D2AA9 /* Sources */,
				3F7473E919D2B286008D2AA9 /* Frameworks */,
				3F7473EA19D2B286008D2AA9 /* Resources */,
			);
			buildRules = (
			);
			dependencies = (
			);
			name = Tipcalculator;
			productName = Tipcalculator;
			productReference = 3F7473EC19D2B286008D2AA9 /* Tipcalculator.app */;
			productType = "com.apple.product-type.application";
		};
		3F74740019D2B287008D2AA9 /* TipcalculatorTests */ = {
			isa = PBXNativeTarget;
			buildConfigurationList = 3F74740E19D2B287008D2AA9 /* Build configuration list for PBXNativeTarget "TipcalculatorTests" */;
			buildPhases = (
				3F7473FD19D2B287008D2AA9 /* Sources */,
				3F7473FE19D2B287008D2AA9 /* Frameworks */,
				3F7473FF19D2B287008D2AA9 /* Resources */,
			);
			buildRules = (
			);
			dependencies = (
				3F74740319D2B287008D2AA9 /* PBXTargetDependency */,
			);
			name = TipcalculatorTests;
			productName = TipcalculatorTests;
			productReference = 3F74740119D2B287008D2AA9 /* TipcalculatorTests.xctest */;
			productType = "com.apple.product-type.bundle.unit-test";
		};
/* End PBXNativeTarget section */

/* Begin PBXProject section */
		3F7473E419D2B286008D2AA9 /* Project object */ = {
			isa = PBXProject;
			attributes = {
				LastUpgradeCheck = 0600;
				ORGANIZATIONNAME = pasakorn;
				TargetAttributes = {
					3F7473EB19D2B286008D2AA9 = {
						CreatedOnToolsVersion = 6.0;
					};
					3F74740019D2B287008D2AA9 = {
						CreatedOnToolsVersion = 6.0;
						TestTargetID = 3F7473EB19D2B286008D2AA9;
					};
				};
			};
			buildConfigurationList = 3F7473E719D2B286008D2AA9 /* Build configuration list for PBXProject "Tipcalculator" */;
			compatibilityVersion = "Xcode 3.2";
			developmentRegion = English;
			hasScannedForEncodings = 0;
			knownRegions = (
				en,
				Base,
			);
			mainGroup = 3F7473E319D2B286008D2AA9;
			productRefGroup = 3F7473ED19D2B286008D2AA9 /* Products */;
			projectDirPath = "";
			projectRoot = "";
			targets = (
				3F7473EB19D2B286008D2AA9 /* Tipcalculator */,
				3F74740019D2B287008D2AA9 /* TipcalculatorTests */,
			);
		};
/* End PBXProject section */

/* Begin PBXResourcesBuildPhase section */
		3F7473EA19D2B286008D2AA9 /* Resources */ = {
			isa = PBXResourcesBuildPhase;
			buildActionMask = 2147483647;
			files = (
				3F7473F719D2B286008D2AA9 /* Main.storyboard in Resources */,
				3F7473FC19D2B286008D2AA9 /* LaunchScreen.xib in Resources */,
				3F7473F919D2B286008D2AA9 /* Images.xcassets in Resources */,
			);
			runOnlyForDeploymentPostprocessing = 0;
		};
		3F7473FF19D2B287008D2AA9 /* Resources */ = {
			isa = PBXResourcesBuildPhase;
			buildActionMask = 2147483647;
			files = (
			);
			runOnlyForDeploymentPostprocessing = 0;
		};
/* End PBXResourcesBuildPhase section */

/* Begin PBXSourcesBuildPhase section */
		3F7473E819D2B286008D2AA9 /* Sources */ = {
			isa = PBXSourcesBuildPhase;
			buildActionMask = 2147483647;
			files = (
				3F7473F419D2B286008D2AA9 /* ViewController.swift in Sources */,
				3F74741419D2B552008D2AA9 /* TipcalculatorModel.swift in Sources */,
				3F7473F219D2B286008D2AA9 /* AppDelegate.swift in Sources */,
			);
			runOnlyForDeploymentPostprocessing = 0;
		};
		3F7473FD19D2B287008D2AA9 /* Sources */ = {
			isa = PBXSourcesBuildPhase;
			buildActionMask = 2147483647;
			files = (
				3F74740819D2B287008D2AA9 /* TipcalculatorTests.swift in Sources */,
			);
			runOnlyForDeploymentPostprocessing = 0;
		};
/* End PBXSourcesBuildPhase section */

/* Begin PBXTargetDependency section */
		3F74740319D2B287008D2AA9 /* PBXTargetDependency */ = {
			isa = PBXTargetDependency;
			target = 3F7473EB19D2B286008D2AA9 /* Tipcalculator */;
			targetProxy = 3F74740219D2B287008D2AA9 /* PBXContainerItemProxy */;
		};
/* End PBXTargetDependency section */

/* Begin PBXVariantGroup section */
		3F7473F519D2B286008D2AA9 /* Main.storyboard */ = {
			isa = PBXVariantGroup;
			children = (
				3F7473F619D2B286008D2AA9 /* Base */,
			);
			name = Main.storyboard;
			sourceTree = "<group>";
		};
		3F7473FA19D2B286008D2AA9 /* LaunchScreen.xib */ = {
			isa = PBXVariantGroup;
			children = (
				3F7473FB19D2B286008D2AA9 /* Base */,
			);
			name = LaunchScreen.xib;
			sourceTree = "<group>";
		};
/* End PBXVariantGroup section */

/* Begin XCBuildConfiguration section */
		3F74740919D2B287008D2AA9 /* Debug */ = {
			isa = XCBuildConfiguration;
			buildSettings = {
				ALWAYS_SEARCH_USER_PATHS = NO;
				CLANG_CXX_LANGUAGE_STANDARD = "gnu++0x";
				CLANG_CXX_LIBRARY = "libc++";
				CLANG_ENABLE_MODULES = YES;
				CLANG_ENABLE_OBJC_ARC = YES;
				CLANG_WARN_BOOL_CONVERSION = YES;
				CLANG_WARN_CONSTANT_CONVERSION = YES;
				CLANG_WARN_DIRECT_OBJC_ISA_USAGE = YES_ERROR;
				CLANG_WARN_EMPTY_BODY = YES;
				CLANG_WARN_ENUM_CONVERSION = YES;
				CLANG_WARN_INT_CONVERSION = YES;
				CLANG_WARN_OBJC_ROOT_CLASS = YES_ERROR;
				CLANG_WARN_UNREACHABLE_CODE = YES;
				CLANG_WARN__DUPLICATE_METHOD_MATCH = YES;
				"CODE_SIGN_IDENTITY[sdk=iphoneos*]" = "iPhone Developer";
				COPY_PHASE_STRIP = NO;
				ENABLE_STRICT_OBJC_MSGSEND = YES;
				GCC_C_LANGUAGE_STANDARD = gnu99;
				GCC_DYNAMIC_NO_PIC = NO;
				GCC_OPTIMIZATION_LEVEL = 0;
				GCC_PREPROCESSOR_DEFINITIONS = (
					"DEBUG=1",
					"$(inherited)",
				);
				GCC_SYMBOLS_PRIVATE_EXTERN = NO;
				GCC_WARN_64_TO_32_BIT_CONVERSION = YES;
				GCC_WARN_ABOUT_RETURN_TYPE = YES_ERROR;
				GCC_WARN_UNDECLARED_SELECTOR = YES;
				GCC_WARN_UNINITIALIZED_AUTOS = YES_AGGRESSIVE;
				GCC_WARN_UNUSED_FUNCTION = YES;
				GCC_WARN_UNUSED_VARIABLE = YES;
				IPHONEOS_DEPLOYMENT_TARGET = 8.0;
				MTL_ENABLE_DEBUG_INFO = YES;
				ONLY_ACTIVE_ARCH = YES;
				SDKROOT = iphoneos;
				SWIFT_OPTIMIZATION_LEVEL = "-Onone";
			};
			name = Debug;
		};
		3F74740A19D2B287008D2AA9 /* Release */ = {
			isa = XCBuildConfiguration;
			buildSettings = {
				ALWAYS_SEARCH_USER_PATHS = NO;
				CLANG_CXX_LANGUAGE_STANDARD = "gnu++0x";
				CLANG_CXX_LIBRARY = "libc++";
				CLANG_ENABLE_MODULES = YES;
				CLANG_ENABLE_OBJC_ARC = YES;
				CLANG_WARN_BOOL_CONVERSION = YES;
				CLANG_WARN_CONSTANT_CONVERSION = YES;
				CLANG_WARN_DIRECT_OBJC_ISA_USAGE = YES_ERROR;
				CLANG_WARN_EMPTY_BODY = YES;
				CLANG_WARN_ENUM_CONVERSION = YES;
				CLANG_WARN_INT_CONVERSION = YES;
				CLANG_WARN_OBJC_ROOT_CLASS = YES_ERROR;
				CLANG_WARN_UNREACHABLE_CODE = YES;
				CLANG_WARN__DUPLICATE_METHOD_MATCH = YES;
				"CODE_SIGN_IDENTITY[sdk=iphoneos*]" = "iPhone Developer";
				COPY_PHASE_STRIP = YES;
				ENABLE_NS_ASSERTIONS = NO;
				ENABLE_STRICT_OBJC_MSGSEND = YES;
				GCC_C_LANGUAGE_STANDARD = gnu99;
				GCC_WARN_64_TO_32_BIT_CONVERSION = YES;
				GCC_WARN_ABOUT_RETURN_TYPE = YES_ERROR;
				GCC_WARN_UNDECLARED_SELECTOR = YES;
				GCC_WARN_UNINITIALIZED_AUTOS = YES_AGGRESSIVE;
				GCC_WARN_UNUSED_FUNCTION = YES;
				GCC_WARN_UNUSED_VARIABLE = YES;
				IPHONEOS_DEPLOYMENT_TARGET = 8.0;
				MTL_ENABLE_DEBUG_INFO = NO;
				SDKROOT = iphoneos;
				VALIDATE_PRODUCT = YES;
			};
			name = Release;
		};
		3F74740C19D2B287008D2AA9 /* Debug */ = {
			isa = XCBuildConfiguration;
			buildSettings = {
				ASSETCATALOG_COMPILER_APPICON_NAME = AppIcon;
				INFOPLIST_FILE = Tipcalculator/Info.plist;
				LD_RUNPATH_SEARCH_PATHS = "$(inherited) @executable_path/Frameworks";
				PRODUCT_NAME = "$(TARGET_NAME)";
			};
			name = Debug;
		};
		3F74740D19D2B287008D2AA9 /* Release */ = {
			isa = XCBuildConfiguration;
			buildSettings = {
				ASSETCATALOG_COMPILER_APPICON_NAME = AppIcon;
				INFOPLIST_FILE = Tipcalculator/Info.plist;
				LD_RUNPATH_SEARCH_PATHS = "$(inherited) @executable_path/Frameworks";
				PRODUCT_NAME = "$(TARGET_NAME)";
			};
			name = Release;
		};
		3F74740F19D2B287008D2AA9 /* Debug */ = {
			isa = XCBuildConfiguration;
			buildSettings = {
				BUNDLE_LOADER = "$(TEST_HOST)";
				FRAMEWORK_SEARCH_PATHS = (
					"$(SDKROOT)/Developer/Library/Frameworks",
					"$(inherited)",
				);
				GCC_PREPROCESSOR_DEFINITIONS = (
					"DEBUG=1",
					"$(inherited)",
				);
				INFOPLIST_FILE = TipcalculatorTests/Info.plist;
				LD_RUNPATH_SEARCH_PATHS = "$(inherited) @executable_path/Frameworks @loader_path/Frameworks";
				PRODUCT_NAME = "$(TARGET_NAME)";
				TEST_HOST = "$(BUILT_PRODUCTS_DIR)/Tipcalculator.app/Tipcalculator";
			};
			name = Debug;
		};
		3F74741019D2B287008D2AA9 /* Release */ = {
			isa = XCBuildConfiguration;
			buildSettings = {
				BUNDLE_LOADER = "$(TEST_HOST)";
				FRAMEWORK_SEARCH_PATHS = (
					"$(SDKROOT)/Developer/Library/Frameworks",
					"$(inherited)",
				);
				INFOPLIST_FILE = TipcalculatorTests/Info.plist;
				LD_RUNPATH_SEARCH_PATHS = "$(inherited) @executable_path/Frameworks @loader_path/Frameworks";
				PRODUCT_NAME = "$(TARGET_NAME)";
				TEST_HOST = "$(BUILT_PRODUCTS_DIR)/Tipcalculator.app/Tipcalculator";
			};
			name = Release;
		};
/* End XCBuildConfiguration section */

/* Begin XCConfigurationList section */
		3F7473E719D2B286008D2AA9 /* Build configuration list for PBXProject "Tipcalculator" */ = {
			isa = XCConfigurationList;
			buildConfigurations = (
				3F74740919D2B287008D2AA9 /* Debug */,
				3F74740A19D2B287008D2AA9 /* Release */,
			);
			defaultConfigurationIsVisible = 0;
			defaultConfigurationName = Release;
		};
		3F74740B19D2B287008D2AA9 /* Build configuration list for PBXNativeTarget "Tipcalculator" */ = {
			isa = XCConfigurationList;
			buildConfigurations = (
				3F74740C19D2B287008D2AA9 /* Debug */,
				3F74740D19D2B287008D2AA9 /* Release */,
			);
			defaultConfigurationIsVisible = 0;
			defaultConfigurationName = Release;
		};
		3F74740E19D2B287008D2AA9 /* Build configuration list for PBXNativeTarget "TipcalculatorTests" */ = {
			isa = XCConfigurationList;
			buildConfigurations = (
				3F74740F19D2B287008D2AA9 /* Debug */,
				3F74741019D2B287008D2AA9 /* Release */,
			);
			defaultConfigurationIsVisible = 0;
			defaultConfigurationName = Release;
		};
/* End XCConfigurationList section */
	};
	rootObject = 3F7473E419D2B286008D2AA9 /* Project object */;
}
