// !$*UTF8*$!
{
	archiveVersion = 1;
	classes = {
	};
	objectVersion = 46;
	objects = {

/* Begin PBXBuildFile section */
		3F45789D1A0C9C0E00D89521 /* AppDelegate.swift in Sources */ = {isa = PBXBuildFile; fileRef = 3F45789C1A0C9C0E00D89521 /* AppDelegate.swift */; };
		3F4578A01A0C9C0E00D89521 /* animationGame.xcdatamodeld in Sources */ = {isa = PBXBuildFile; fileRef = 3F45789E1A0C9C0E00D89521 /* animationGame.xcdatamodeld */; };
		3F4578A21A0C9C0E00D89521 /* ViewController.swift in Sources */ = {isa = PBXBuildFile; fileRef = 3F4578A11A0C9C0E00D89521 /* ViewController.swift */; };
		3F4578A51A0C9C0E00D89521 /* Main.storyboard in Resources */ = {isa = PBXBuildFile; fileRef = 3F4578A31A0C9C0E00D89521 /* Main.storyboard */; };
		3F4578A71A0C9C0E00D89521 /* Images.xcassets in Resources */ = {isa = PBXBuildFile; fileRef = 3F4578A61A0C9C0E00D89521 /* Images.xcassets */; };
		3F4578AA1A0C9C0E00D89521 /* LaunchScreen.xib in Resources */ = {isa = PBXBuildFile; fileRef = 3F4578A81A0C9C0E00D89521 /* LaunchScreen.xib */; };
		3F4578B61A0C9C0F00D89521 /* animationGameTests.swift in Sources */ = {isa = PBXBuildFile; fileRef = 3F4578B51A0C9C0F00D89521 /* animationGameTests.swift */; };
/* End PBXBuildFile section */

/* Begin PBXContainerItemProxy section */
		3F4578B01A0C9C0F00D89521 /* PBXContainerItemProxy */ = {
			isa = PBXContainerItemProxy;
			containerPortal = 3F45788F1A0C9C0E00D89521 /* Project object */;
			proxyType = 1;
			remoteGlobalIDString = 3F4578961A0C9C0E00D89521;
			remoteInfo = animationGame;
		};
/* End PBXContainerItemProxy section */

/* Begin PBXFileReference section */
		3F4578971A0C9C0E00D89521 /* animationGame.app */ = {isa = PBXFileReference; explicitFileType = wrapper.application; includeInIndex = 0; path = animationGame.app; sourceTree = BUILT_PRODUCTS_DIR; };
		3F45789B1A0C9C0E00D89521 /* Info.plist */ = {isa = PBXFileReference; lastKnownFileType = text.plist.xml; path = Info.plist; sourceTree = "<group>"; };
		3F45789C1A0C9C0E00D89521 /* AppDelegate.swift */ = {isa = PBXFileReference; lastKnownFileType = sourcecode.swift; path = AppDelegate.swift; sourceTree = "<group>"; };
		3F45789F1A0C9C0E00D89521 /* animationGame.xcdatamodel */ = {isa = PBXFileReference; lastKnownFileType = wrapper.xcdatamodel; path = animationGame.xcdatamodel; sourceTree = "<group>"; };
		3F4578A11A0C9C0E00D89521 /* ViewController.swift */ = {isa = PBXFileReference; lastKnownFileType = sourcecode.swift; path = ViewController.swift; sourceTree = "<group>"; };
		3F4578A41A0C9C0E00D89521 /* Base */ = {isa = PBXFileReference; lastKnownFileType = file.storyboard; name = Base; path = Base.lproj/Main.storyboard; sourceTree = "<group>"; };
		3F4578A61A0C9C0E00D89521 /* Images.xcassets */ = {isa = PBXFileReference; lastKnownFileType = folder.assetcatalog; path = Images.xcassets; sourceTree = "<group>"; };
		3F4578A91A0C9C0E00D89521 /* Base */ = {isa = PBXFileReference; lastKnownFileType = file.xib; name = Base; path = Base.lproj/LaunchScreen.xib; sourceTree = "<group>"; };
		3F4578AF1A0C9C0F00D89521 /* animationGameTests.xctest */ = {isa = PBXFileReference; explicitFileType = wrapper.cfbundle; includeInIndex = 0; path = animationGameTests.xctest; sourceTree = BUILT_PRODUCTS_DIR; };
		3F4578B41A0C9C0F00D89521 /* Info.plist */ = {isa = PBXFileReference; lastKnownFileType = text.plist.xml; path = Info.plist; sourceTree = "<group>"; };
		3F4578B51A0C9C0F00D89521 /* animationGameTests.swift */ = {isa = PBXFileReference; lastKnownFileType = sourcecode.swift; path = animationGameTests.swift; sourceTree = "<group>"; };
/* End PBXFileReference section */

/* Begin PBXFrameworksBuildPhase section */
		3F4578941A0C9C0E00D89521 /* Frameworks */ = {
			isa = PBXFrameworksBuildPhase;
			buildActionMask = 2147483647;
			files = (
			);
			runOnlyForDeploymentPostprocessing = 0;
		};
		3F4578AC1A0C9C0F00D89521 /* Frameworks */ = {
			isa = PBXFrameworksBuildPhase;
			buildActionMask = 2147483647;
			files = (
			);
			runOnlyForDeploymentPostprocessing = 0;
		};
/* End PBXFrameworksBuildPhase section */

/* Begin PBXGroup section */
		3F45788E1A0C9C0E00D89521 = {
			isa = PBXGroup;
			children = (
				3F4578991A0C9C0E00D89521 /* animationGame */,
				3F4578B21A0C9C0F00D89521 /* animationGameTests */,
				3F4578981A0C9C0E00D89521 /* Products */,
			);
			sourceTree = "<group>";
		};
		3F4578981A0C9C0E00D89521 /* Products */ = {
			isa = PBXGroup;
			children = (
				3F4578971A0C9C0E00D89521 /* animationGame.app */,
				3F4578AF1A0C9C0F00D89521 /* animationGameTests.xctest */,
			);
			name = Products;
			sourceTree = "<group>";
		};
		3F4578991A0C9C0E00D89521 /* animationGame */ = {
			isa = PBXGroup;
			children = (
				3F45789C1A0C9C0E00D89521 /* AppDelegate.swift */,
				3F4578A11A0C9C0E00D89521 /* ViewController.swift */,
				3F4578A31A0C9C0E00D89521 /* Main.storyboard */,
				3F4578A61A0C9C0E00D89521 /* Images.xcassets */,
				3F4578A81A0C9C0E00D89521 /* LaunchScreen.xib */,
				3F45789E1A0C9C0E00D89521 /* animationGame.xcdatamodeld */,
				3F45789A1A0C9C0E00D89521 /* Supporting Files */,
			);
			path = animationGame;
			sourceTree = "<group>";
		};
		3F45789A1A0C9C0E00D89521 /* Supporting Files */ = {
			isa = PBXGroup;
			children = (
				3F45789B1A0C9C0E00D89521 /* Info.plist */,
			);
			name = "Supporting Files";
			sourceTree = "<group>";
		};
		3F4578B21A0C9C0F00D89521 /* animationGameTests */ = {
			isa = PBXGroup;
			children = (
				3F4578B51A0C9C0F00D89521 /* animationGameTests.swift */,
				3F4578B31A0C9C0F00D89521 /* Supporting Files */,
			);
			path = animationGameTests;
			sourceTree = "<group>";
		};
		3F4578B31A0C9C0F00D89521 /* Supporting Files */ = {
			isa = PBXGroup;
			children = (
				3F4578B41A0C9C0F00D89521 /* Info.plist */,
			);
			name = "Supporting Files";
			sourceTree = "<group>";
		};
/* End PBXGroup section */

/* Begin PBXNativeTarget section */
		3F4578961A0C9C0E00D89521 /* animationGame */ = {
			isa = PBXNativeTarget;
			buildConfigurationList = 3F4578B91A0C9C0F00D89521 /* Build configuration list for PBXNativeTarget "animationGame" */;
			buildPhases = (
				3F4578931A0C9C0E00D89521 /* Sources */,
				3F4578941A0C9C0E00D89521 /* Frameworks */,
				3F4578951A0C9C0E00D89521 /* Resources */,
			);
			buildRules = (
			);
			dependencies = (
			);
			name = animationGame;
			productName = animationGame;
			productReference = 3F4578971A0C9C0E00D89521 /* animationGame.app */;
			productType = "com.apple.product-type.application";
		};
		3F4578AE1A0C9C0F00D89521 /* animationGameTests */ = {
			isa = PBXNativeTarget;
			buildConfigurationList = 3F4578BC1A0C9C0F00D89521 /* Build configuration list for PBXNativeTarget "animationGameTests" */;
			buildPhases = (
				3F4578AB1A0C9C0F00D89521 /* Sources */,
				3F4578AC1A0C9C0F00D89521 /* Frameworks */,
				3F4578AD1A0C9C0F00D89521 /* Resources */,
			);
			buildRules = (
			);
			dependencies = (
				3F4578B11A0C9C0F00D89521 /* PBXTargetDependency */,
			);
			name = animationGameTests;
			productName = animationGameTests;
			productReference = 3F4578AF1A0C9C0F00D89521 /* animationGameTests.xctest */;
			productType = "com.apple.product-type.bundle.unit-test";
		};
/* End PBXNativeTarget section */

/* Begin PBXProject section */
		3F45788F1A0C9C0E00D89521 /* Project object */ = {
			isa = PBXProject;
			attributes = {
				LastUpgradeCheck = 0600;
				ORGANIZATIONNAME = app;
				TargetAttributes = {
					3F4578961A0C9C0E00D89521 = {
						CreatedOnToolsVersion = 6.0;
					};
					3F4578AE1A0C9C0F00D89521 = {
						CreatedOnToolsVersion = 6.0;
						TestTargetID = 3F4578961A0C9C0E00D89521;
					};
				};
			};
			buildConfigurationList = 3F4578921A0C9C0E00D89521 /* Build configuration list for PBXProject "animationGame" */;
			compatibilityVersion = "Xcode 3.2";
			developmentRegion = English;
			hasScannedForEncodings = 0;
			knownRegions = (
				en,
				Base,
			);
			mainGroup = 3F45788E1A0C9C0E00D89521;
			productRefGroup = 3F4578981A0C9C0E00D89521 /* Products */;
			projectDirPath = "";
			projectRoot = "";
			targets = (
				3F4578961A0C9C0E00D89521 /* animationGame */,
				3F4578AE1A0C9C0F00D89521 /* animationGameTests */,
			);
		};
/* End PBXProject section */

/* Begin PBXResourcesBuildPhase section */
		3F4578951A0C9C0E00D89521 /* Resources */ = {
			isa = PBXResourcesBuildPhase;
			buildActionMask = 2147483647;
			files = (
				3F4578A51A0C9C0E00D89521 /* Main.storyboard in Resources */,
				3F4578AA1A0C9C0E00D89521 /* LaunchScreen.xib in Resources */,
				3F4578A71A0C9C0E00D89521 /* Images.xcassets in Resources */,
			);
			runOnlyForDeploymentPostprocessing = 0;
		};
		3F4578AD1A0C9C0F00D89521 /* Resources */ = {
			isa = PBXResourcesBuildPhase;
			buildActionMask = 2147483647;
			files = (
			);
			runOnlyForDeploymentPostprocessing = 0;
		};
/* End PBXResourcesBuildPhase section */

/* Begin PBXSourcesBuildPhase section */
		3F4578931A0C9C0E00D89521 /* Sources */ = {
			isa = PBXSourcesBuildPhase;
			buildActionMask = 2147483647;
			files = (
				3F4578A21A0C9C0E00D89521 /* ViewController.swift in Sources */,
				3F4578A01A0C9C0E00D89521 /* animationGame.xcdatamodeld in Sources */,
				3F45789D1A0C9C0E00D89521 /* AppDelegate.swift in Sources */,
			);
			runOnlyForDeploymentPostprocessing = 0;
		};
		3F4578AB1A0C9C0F00D89521 /* Sources */ = {
			isa = PBXSourcesBuildPhase;
			buildActionMask = 2147483647;
			files = (
				3F4578B61A0C9C0F00D89521 /* animationGameTests.swift in Sources */,
			);
			runOnlyForDeploymentPostprocessing = 0;
		};
/* End PBXSourcesBuildPhase section */

/* Begin PBXTargetDependency section */
		3F4578B11A0C9C0F00D89521 /* PBXTargetDependency */ = {
			isa = PBXTargetDependency;
			target = 3F4578961A0C9C0E00D89521 /* animationGame */;
			targetProxy = 3F4578B01A0C9C0F00D89521 /* PBXContainerItemProxy */;
		};
/* End PBXTargetDependency section */

/* Begin PBXVariantGroup section */
		3F4578A31A0C9C0E00D89521 /* Main.storyboard */ = {
			isa = PBXVariantGroup;
			children = (
				3F4578A41A0C9C0E00D89521 /* Base */,
			);
			name = Main.storyboard;
			sourceTree = "<group>";
		};
		3F4578A81A0C9C0E00D89521 /* LaunchScreen.xib */ = {
			isa = PBXVariantGroup;
			children = (
				3F4578A91A0C9C0E00D89521 /* Base */,
			);
			name = LaunchScreen.xib;
			sourceTree = "<group>";
		};
/* End PBXVariantGroup section */

/* Begin XCBuildConfiguration section */
		3F4578B71A0C9C0F00D89521 /* Debug */ = {
			isa = XCBuildConfiguration;
			buildSettings = {
				ALWAYS_SEARCH_USER_PATHS = NO;
				CLANG_CXX_LANGUAGE_STANDARD = "gnu++0x";
				CLANG_CXX_LIBRARY = "libc++";
				CLANG_ENABLE_MODULES = YES;
				CLANG_ENABLE_OBJC_ARC = YES;
				CLANG_WARN_BOOL_CONVERSION = YES;
				CLANG_WARN_CONSTANT_CONVERSION = YES;
				CLANG_WARN_DIRECT_OBJC_ISA_USAGE = YES_ERROR;
				CLANG_WARN_EMPTY_BODY = YES;
				CLANG_WARN_ENUM_CONVERSION = YES;
				CLANG_WARN_INT_CONVERSION = YES;
				CLANG_WARN_OBJC_ROOT_CLASS = YES_ERROR;
				CLANG_WARN_UNREACHABLE_CODE = YES;
				CLANG_WARN__DUPLICATE_METHOD_MATCH = YES;
				"CODE_SIGN_IDENTITY[sdk=iphoneos*]" = "iPhone Developer";
				COPY_PHASE_STRIP = NO;
				ENABLE_STRICT_OBJC_MSGSEND = YES;
				GCC_C_LANGUAGE_STANDARD = gnu99;
				GCC_DYNAMIC_NO_PIC = NO;
				GCC_OPTIMIZATION_LEVEL = 0;
				GCC_PREPROCESSOR_DEFINITIONS = (
					"DEBUG=1",
					"$(inherited)",
				);
				GCC_SYMBOLS_PRIVATE_EXTERN = NO;
				GCC_WARN_64_TO_32_BIT_CONVERSION = YES;
				GCC_WARN_ABOUT_RETURN_TYPE = YES_ERROR;
				GCC_WARN_UNDECLARED_SELECTOR = YES;
				GCC_WARN_UNINITIALIZED_AUTOS = YES_AGGRESSIVE;
				GCC_WARN_UNUSED_FUNCTION = YES;
				GCC_WARN_UNUSED_VARIABLE = YES;
				IPHONEOS_DEPLOYMENT_TARGET = 8.0;
				MTL_ENABLE_DEBUG_INFO = YES;
				ONLY_ACTIVE_ARCH = YES;
				SDKROOT = iphoneos;
				SWIFT_OPTIMIZATION_LEVEL = "-Onone";
			};
			name = Debug;
		};
		3F4578B81A0C9C0F00D89521 /* Release */ = {
			isa = XCBuildConfiguration;
			buildSettings = {
				ALWAYS_SEARCH_USER_PATHS = NO;
				CLANG_CXX_LANGUAGE_STANDARD = "gnu++0x";
				CLANG_CXX_LIBRARY = "libc++";
				CLANG_ENABLE_MODULES = YES;
				CLANG_ENABLE_OBJC_ARC = YES;
				CLANG_WARN_BOOL_CONVERSION = YES;
				CLANG_WARN_CONSTANT_CONVERSION = YES;
				CLANG_WARN_DIRECT_OBJC_ISA_USAGE = YES_ERROR;
				CLANG_WARN_EMPTY_BODY = YES;
				CLANG_WARN_ENUM_CONVERSION = YES;
				CLANG_WARN_INT_CONVERSION = YES;
				CLANG_WARN_OBJC_ROOT_CLASS = YES_ERROR;
				CLANG_WARN_UNREACHABLE_CODE = YES;
				CLANG_WARN__DUPLICATE_METHOD_MATCH = YES;
				"CODE_SIGN_IDENTITY[sdk=iphoneos*]" = "iPhone Developer";
				COPY_PHASE_STRIP = YES;
				ENABLE_NS_ASSERTIONS = NO;
				ENABLE_STRICT_OBJC_MSGSEND = YES;
				GCC_C_LANGUAGE_STANDARD = gnu99;
				GCC_WARN_64_TO_32_BIT_CONVERSION = YES;
				GCC_WARN_ABOUT_RETURN_TYPE = YES_ERROR;
				GCC_WARN_UNDECLARED_SELECTOR = YES;
				GCC_WARN_UNINITIALIZED_AUTOS = YES_AGGRESSIVE;
				GCC_WARN_UNUSED_FUNCTION = YES;
				GCC_WARN_UNUSED_VARIABLE = YES;
				IPHONEOS_DEPLOYMENT_TARGET = 8.0;
				MTL_ENABLE_DEBUG_INFO = NO;
				SDKROOT = iphoneos;
				VALIDATE_PRODUCT = YES;
			};
			name = Release;
		};
		3F4578BA1A0C9C0F00D89521 /* Debug */ = {
			isa = XCBuildConfiguration;
			buildSettings = {
				ASSETCATALOG_COMPILER_APPICON_NAME = AppIcon;
				INFOPLIST_FILE = animationGame/Info.plist;
				LD_RUNPATH_SEARCH_PATHS = "$(inherited) @executable_path/Frameworks";
				PRODUCT_NAME = "$(TARGET_NAME)";
			};
			name = Debug;
		};
		3F4578BB1A0C9C0F00D89521 /* Release */ = {
			isa = XCBuildConfiguration;
			buildSettings = {
				ASSETCATALOG_COMPILER_APPICON_NAME = AppIcon;
				INFOPLIST_FILE = animationGame/Info.plist;
				LD_RUNPATH_SEARCH_PATHS = "$(inherited) @executable_path/Frameworks";
				PRODUCT_NAME = "$(TARGET_NAME)";
			};
			name = Release;
		};
		3F4578BD1A0C9C0F00D89521 /* Debug */ = {
			isa = XCBuildConfiguration;
			buildSettings = {
				BUNDLE_LOADER = "$(TEST_HOST)";
				FRAMEWORK_SEARCH_PATHS = (
					"$(SDKROOT)/Developer/Library/Frameworks",
					"$(inherited)",
				);
				GCC_PREPROCESSOR_DEFINITIONS = (
					"DEBUG=1",
					"$(inherited)",
				);
				INFOPLIST_FILE = animationGameTests/Info.plist;
				LD_RUNPATH_SEARCH_PATHS = "$(inherited) @executable_path/Frameworks @loader_path/Frameworks";
				PRODUCT_NAME = "$(TARGET_NAME)";
				TEST_HOST = "$(BUILT_PRODUCTS_DIR)/animationGame.app/animationGame";
			};
			name = Debug;
		};
		3F4578BE1A0C9C0F00D89521 /* Release */ = {
			isa = XCBuildConfiguration;
			buildSettings = {
				BUNDLE_LOADER = "$(TEST_HOST)";
				FRAMEWORK_SEARCH_PATHS = (
					"$(SDKROOT)/Developer/Library/Frameworks",
					"$(inherited)",
				);
				INFOPLIST_FILE = animationGameTests/Info.plist;
				LD_RUNPATH_SEARCH_PATHS = "$(inherited) @executable_path/Frameworks @loader_path/Frameworks";
				PRODUCT_NAME = "$(TARGET_NAME)";
				TEST_HOST = "$(BUILT_PRODUCTS_DIR)/animationGame.app/animationGame";
			};
			name = Release;
		};
/* End XCBuildConfiguration section */

/* Begin XCConfigurationList section */
		3F4578921A0C9C0E00D89521 /* Build configuration list for PBXProject "animationGame" */ = {
			isa = XCConfigurationList;
			buildConfigurations = (
				3F4578B71A0C9C0F00D89521 /* Debug */,
				3F4578B81A0C9C0F00D89521 /* Release */,
			);
			defaultConfigurationIsVisible = 0;
			defaultConfigurationName = Release;
		};
		3F4578B91A0C9C0F00D89521 /* Build configuration list for PBXNativeTarget "animationGame" */ = {
			isa = XCConfigurationList;
			buildConfigurations = (
				3F4578BA1A0C9C0F00D89521 /* Debug */,
				3F4578BB1A0C9C0F00D89521 /* Release */,
			);
			defaultConfigurationIsVisible = 0;
		};
		3F4578BC1A0C9C0F00D89521 /* Build configuration list for PBXNativeTarget "animationGameTests" */ = {
			isa = XCConfigurationList;
			buildConfigurations = (
				3F4578BD1A0C9C0F00D89521 /* Debug */,
				3F4578BE1A0C9C0F00D89521 /* Release */,
			);
			defaultConfigurationIsVisible = 0;
		};
/* End XCConfigurationList section */

/* Begin XCVersionGroup section */
		3F45789E1A0C9C0E00D89521 /* animationGame.xcdatamodeld */ = {
			isa = XCVersionGroup;
			children = (
				3F45789F1A0C9C0E00D89521 /* animationGame.xcdatamodel */,
			);
			currentVersion = 3F45789F1A0C9C0E00D89521 /* animationGame.xcdatamodel */;
			path = animationGame.xcdatamodeld;
			sourceTree = "<group>";
			versionGroupType = wrapper.xcdatamodel;
		};
/* End XCVersionGroup section */
	};
	rootObject = 3F45788F1A0C9C0E00D89521 /* Project object */;
}
